{
  "version": 4,
  "terraform_version": "1.8.1",
  "serial": 3,
  "lineage": "b4697510-4d84-9444-b90f-178eaca02ef9",
  "outputs": {},
  "resources": [
    {
      "mode": "managed",
      "type": "local_file",
      "name": "my-pet",
      "provider": "provider[\"registry.terraform.io/hashicorp/local\"]",
      "instances": [
        {
          "schema_version": 0,
          "attributes": {
            "content": "My pet is called finnegen!!",
            "content_base64": null,
            "content_base64sha256": "kovH4QXDfe+TYN395JKUz9WKL4HhDDdPvU6CD2IV7sM=",
            "content_base64sha512": "oVQWhPZmcqTVZw8/EnvG9mHVgx5omB6fBFtxrxN0p+5YvsM76DgZGGEhvJwstZeAlr+3gEYol4fLU0wsye0b/w==",
            "content_md5": "b0294bd1f3479e62059010c5fef81d98",
            "content_sha1": "e457005b0ce24b594b66491dda6907341ad69270",
            "content_sha256": "928bc7e105c37def9360ddfde49294cfd58a2f81e10c374fbd4e820f6215eec3",
            "content_sha512": "a1541684f66672a4d5670f3f127bc6f661d5831e68981e9f045b71af1374a7ee58bec33be83819186121bc9c2cb5978096bfb78046289787cb534c2cc9ed1bff",
            "directory_permission": "0777",
            "file_permission": "0777",
            "filename": "pet-name.txt",
            "id": "e457005b0ce24b594b66491dda6907341ad69270",
            "sensitive_content": null,
            "source": null
          },
          "sensitive_attributes": [
            [
              {
                "type": "get_attr",
                "value": "sensitive_content"
              }
            ]
          ]
        }
      ]
    },
    {
      "mode": "managed",
      "type": "random_pet",
      "name": "other-pet",
      "provider": "provider[\"registry.terraform.io/hashicorp/random\"]",
      "instances": [
        {
          "schema_version": 0,
          "attributes": {
            "id": "Mr.sunbird",
            "keepers": null,
            "length": 1,
            "prefix": "Mr",
            "separator": "."
          },
          "sensitive_attributes": []
        }
      ]
    }
  ],
  "check_results": null
}
