{
  "version": 4,
  "terraform_version": "1.8.1",
  "serial": 8,
  "lineage": "d103746c-0fe9-d8c4-8329-bfc46b8d4b40",
  "outputs": {},
  "resources": [
    {
      "mode": "managed",
      "type": "local_file",
      "name": "more-things-to-do",
      "provider": "provider[\"registry.terraform.io/hashicorp/local\"]",
      "instances": [
        {
          "schema_version": 0,
          "attributes": {
            "content": "Learn how to play Astronomia on the guitar!",
            "content_base64": null,
            "content_base64sha256": "6UWrIztJjUu1F/P9EZgSPHIUbo5s+XUY1iSp4QqiIYQ=",
            "content_base64sha512": "QJI/LLZ3hzf1An5t4Uymn3ZZtBrtdF54LY2ebf5cRGu9lvoZqQCIg+qHL6asmoyBUmRmg3qh/fsv+alapG//Gw==",
            "content_md5": "69e0520a47f7ca818a0a791c63d7158c",
            "content_sha1": "85e6ec1cf7be591e68345cbaf27a4529a4f25eb0",
            "content_sha256": "e945ab233b498d4bb517f3fd1198123c72146e8e6cf97518d624a9e10aa22184",
            "content_sha512": "40923f2cb6778737f5027e6de14ca69f7659b41aed745e782d8d9e6dfe5c446bbd96fa19a9008883ea872fa6ac9a8c81526466837aa1fdfb2ff9a95aa46fff1b",
            "directory_permission": "0777",
            "file_permission": "0777",
            "filename": "more-things-to-do.txt",
            "id": "85e6ec1cf7be591e68345cbaf27a4529a4f25eb0",
            "sensitive_content": null,
            "source": null
          },
          "sensitive_attributes": [
            [
              {
                "type": "get_attr",
                "value": "sensitive_content"
              }
            ]
          ]
        }
      ]
    },
    {
      "mode": "managed",
      "type": "local_file",
      "name": "things-to-do",
      "provider": "provider[\"registry.terraform.io/hashicorp/local\"]",
      "instances": [
        {
          "schema_version": 0,
          "attributes": {
            "content": "Clean my room before Christmas\nComplete the CKA Certification!",
            "content_base64": null,
            "content_base64sha256": "mHqSk8CbJMbIO0UWZnQCJJ1bGdMsN1ISztizRqLsYvQ=",
            "content_base64sha512": "vjKeFi5tkS0gUXmc/zaWUmavA1p2s/M8PFhNvTFXbzgK+c7hBM9Rc7kWYr8/3DWqUDuyDE7D6WUUAtLZNuUMkA==",
            "content_md5": "0772823b64f85e3c1cb2576c67bcd863",
            "content_sha1": "57de5ed15ca8120dba3bd950bad6d5e55b97f635",
            "content_sha256": "987a9293c09b24c6c83b4516667402249d5b19d32c375212ced8b346a2ec62f4",
            "content_sha512": "be329e162e6d912d2051799cff36965266af035a76b3f33c3c584dbd31576f380af9cee104cf5173b91662bf3fdc35aa503bb20c4ec3e9651402d2d936e50c90",
            "directory_permission": "0777",
            "file_permission": "0777",
            "filename": "things-to-do.txt",
            "id": "57de5ed15ca8120dba3bd950bad6d5e55b97f635",
            "sensitive_content": null,
            "source": null
          },
          "sensitive_attributes": [
            [
              {
                "type": "get_attr",
                "value": "sensitive_content"
              }
            ]
          ]
        }
      ]
    },
    {
      "mode": "managed",
      "type": "local_file",
      "name": "xbox",
      "provider": "provider[\"registry.terraform.io/hashicorp/local\"]",
      "instances": [
        {
          "schema_version": 0,
          "attributes": {
            "content": "wouldn't mind an XBox either!",
            "content_base64": null,
            "content_base64sha256": "4nV6DGE746hm4kbO8h91NpfBOTvxMFjQmxN+E20XbQ4=",
            "content_base64sha512": "tWCMROfMQZ3SwrBU6EwasDxD1FxS3mSzLkOvSDtpwEGrs9lfftAoGO+JdwpHfhcqb8TFfk7mPyrGTula791pxQ==",
            "content_md5": "b2e8afc2fd834b9f795b22400e0e8e00",
            "content_sha1": "8e2ccc6f943609c9fc854558ae315ac2c6843b59",
            "content_sha256": "e2757a0c613be3a866e246cef21f753697c1393bf13058d09b137e136d176d0e",
            "content_sha512": "b5608c44e7cc419dd2c2b054e84c1ab03c43d45c52de64b32e43af483b69c041abb3d95f7ed02818ef89770a477e172a6fc4c57e4ee63f2ac64ee95aefdd69c5",
            "directory_permission": "0777",
            "file_permission": "0777",
            "filename": "xbox.txt",
            "id": "8e2ccc6f943609c9fc854558ae315ac2c6843b59",
            "sensitive_content": null,
            "source": null
          },
          "sensitive_attributes": [
            [
              {
                "type": "get_attr",
                "value": "sensitive_content"
              }
            ]
          ]
        }
      ]
    }
  ],
  "check_results": null
}
